
Microsoft Visual Studio Solution File, Format Version 12.00
# Visual Studio Version 17
VisualStudioVersion = 17.6.33815.320
MinimumVisualStudioVersion = 10.0.40219.1
Project("{FAE04EC0-301F-11D3-BF4B-00C04F79EFBC}") = "Risxpert", "Risxpert.csproj", "{6F279509-6A95-4514-BCF6-AF6C1CA746CF}"
EndProject
Global
	GlobalSection(SolutionConfigurationPlatforms) = preSolution
		Debug|Any CPU = Debug|Any CPU
		Release|Any CPU = Release|Any CPU
	EndGlobalSection
	GlobalSection(ProjectConfigurationPlatforms) = postSolution
		{6F279509-6A95-4514-BCF6-AF6C1CA746CF}.Debug|Any CPU.ActiveCfg = Debug|Any CPU
		{6F279509-6A95-4514-BCF6-AF6C1CA746CF}.Debug|Any CPU.Build.0 = Debug|Any CPU
		{6F279509-6A95-4514-BCF6-AF6C1CA746CF}.Release|Any CPU.ActiveCfg = Release|Any CPU
		{6F279509-6A95-4514-BCF6-AF6C1CA746CF}.Release|Any CPU.Build.0 = Release|Any CPU
	EndGlobalSection
	GlobalSection(SolutionProperties) = preSolution
		HideSolutionNode = FALSE
	EndGlobalSection
	GlobalSection(ExtensibilityGlobals) = postSolution
		SolutionGuid = {7F186993-1CCD-4664-8D79-8CC9F1B25C13}
	EndGlobalSection
EndGlobal
